
Microsoft Visual Studio Solution File, Format Version 12.00
# Visual Studio Version 17
VisualStudioVersion = 17.14.36518.9
MinimumVisualStudioVersion = 10.0.40219.1
Project("{2150E333-8FDC-42A3-9474-1A3956D46DE8}") = "Task0", "Task0", "{02EA681E-C7D8-13C7-8484-4AC65E1B71E8}"
EndProject
Project("{FAE04EC0-301F-11D3-BF4B-00C04F79EFBC}") = "Tyuiu.DanilovAS.Sprint6.Task0.V14.Lib", "Tyuiu.DanilovAS.Sprint6.Task0.V14.Lib\Tyuiu.DanilovAS.Sprint6.Task0.V14.Lib.csproj", "{3651D39D-D507-43E2-AF0F-CAB5B3FD3555}"
EndProject
Project("{FAE04EC0-301F-11D3-BF4B-00C04F79EFBC}") = "Tyuiu.DanilovAS.Sprint6.Task0.V14.Test", "Tyuiu.DanilovAS.Sprint6.Task0.V14.Test\Tyuiu.DanilovAS.Sprint6.Task0.V14.Test.csproj", "{2681290C-7771-49DE-B1B1-B834B5B0AF1F}"
EndProject
Project("{FAE04EC0-301F-11D3-BF4B-00C04F79EFBC}") = "Tyuiu.DanilovAS.Sprint6.Task0.V14", "Tyuiu.DanilovAS.Sprint6.Task0.V14\Tyuiu.DanilovAS.Sprint6.Task0.V14.csproj", "{11D1C93E-7F5E-45B6-BAD6-175A7761E463}"
EndProject
Project("{2150E333-8FDC-42A3-9474-1A3956D46DE8}") = "Task1", "Task1", "{0354392A-13A0-4395-8F8B-93DF957446A0}"
EndProject
Project("{FAE04EC0-301F-11D3-BF4B-00C04F79EFBC}") = "Tyuiu.DanilovAS.Sprint6.Task1.V14", "Tyuiu.DanilovAS.Sprint6.Task1.V14\Tyuiu.DanilovAS.Sprint6.Task1.V14.csproj", "{21A73483-4B0C-4065-9851-65B5B1AB7599}"
EndProject
Project("{FAE04EC0-301F-11D3-BF4B-00C04F79EFBC}") = "Tyuiu.DanilovAS.Sprint6.Task1.V14.Test", "Tyuiu.DanilovAS.Sprint6.Task1.V14.Test\Tyuiu.DanilovAS.Sprint6.Task1.V14.Test.csproj", "{79706B59-0414-4F14-81B6-A0525277E495}"
EndProject
Project("{FAE04EC0-301F-11D3-BF4B-00C04F79EFBC}") = "Tyuiu.DanilovAS.Sprint6.Task1.V14.Lib", "Tyuiu.DanilovAS.Sprint6.Task1.V14.Lib\Tyuiu.DanilovAS.Sprint6.Task1.V14.Lib.csproj", "{BAE01347-6B4A-4A97-A39C-8BDAE06615D3}"
EndProject
Project("{FAE04EC0-301F-11D3-BF4B-00C04F79EFBC}") = "Tyuiu.DanilovAS.Sprint6.Task2.V25.Test", "Tyuiu.DanilovAS.Sprint6.Task2.V25.Test\Tyuiu.DanilovAS.Sprint6.Task2.V25.Test.csproj", "{8AF1AB4C-2119-4ED8-85C2-7DC31499E6A4}"
EndProject
Project("{FAE04EC0-301F-11D3-BF4B-00C04F79EFBC}") = "Tyuiu.DanilovAS.Sprint6.Task2.V25.Lib", "Tyuiu.DanilovAS.Sprint6.Task2.V25.Lib\Tyuiu.DanilovAS.Sprint6.Task2.V25.Lib.csproj", "{243E1B46-7BB2-4030-A5AA-C363512FA030}"
EndProject
Project("{FAE04EC0-301F-11D3-BF4B-00C04F79EFBC}") = "Tyuiu.DanilovAS.Sprint6.Task2.V25", "Tyuiu.DanilovAS.Sprint6.Task2.V25\Tyuiu.DanilovAS.Sprint6.Task2.V25.csproj", "{61F001CE-50F3-434C-A4CD-68113D3FDD9C}"
EndProject
Project("{2150E333-8FDC-42A3-9474-1A3956D46DE8}") = "Task2", "Task2", "{48490735-7989-406B-B1A2-6542D514E087}"
EndProject
Project("{2150E333-8FDC-42A3-9474-1A3956D46DE8}") = "Task3", "Task3", "{C8DE7790-D0D4-404F-AB91-25178B1FC60F}"
EndProject
Project("{FAE04EC0-301F-11D3-BF4B-00C04F79EFBC}") = "Tyuiu.DanilovAS.Sprint6.Task3.V7", "Tyuiu.DanilovAS.Sprint6.Task3.V7\Tyuiu.DanilovAS.Sprint6.Task3.V7.csproj", "{B095EB1B-1135-4E6A-9E65-2A685EB1C733}"
EndProject
Project("{FAE04EC0-301F-11D3-BF4B-00C04F79EFBC}") = "Tyuiu.DanilovAS.Sprint6.Task3.V7.Lib", "Tyuiu.DanilovAS.Sprint6.Task3.V7.Lib\Tyuiu.DanilovAS.Sprint6.Task3.V7.Lib.csproj", "{1AFF19EB-F464-4B84-9347-8EEE46B9FD7C}"
EndProject
Project("{FAE04EC0-301F-11D3-BF4B-00C04F79EFBC}") = "Tyuiu.DanilovAS.Sprint6.Task3.V7.Test", "Tyuiu.DanilovAS.Sprint6.Task3.V7.Test\Tyuiu.DanilovAS.Sprint6.Task3.V7.Test.csproj", "{FB8C9C94-9E58-4053-B547-A6F632F3A5F3}"
EndProject
Project("{2150E333-8FDC-42A3-9474-1A3956D46DE8}") = "Task4", "Task4", "{797801F5-80DB-4FC4-9972-E36ED725E1F0}"
EndProject
Project("{FAE04EC0-301F-11D3-BF4B-00C04F79EFBC}") = "Tyuiu.DanilovAS.Sprint6.Task4.V2", "Tyuiu.DanilovAS.Sprint6.Task4.V2\Tyuiu.DanilovAS.Sprint6.Task4.V2.csproj", "{F8948A8B-AB33-454E-8A8C-56DDE9BE3CF4}"
EndProject
Project("{FAE04EC0-301F-11D3-BF4B-00C04F79EFBC}") = "Tyuiu.DanilovAS.Sprint6.Task4.V2.Test", "Tyuiu.DanilovAS.Sprint6.Task4.V2.Test\Tyuiu.DanilovAS.Sprint6.Task4.V2.Test.csproj", "{56B87F8E-11FF-41E3-ABB3-3FFDE2CB9AD3}"
EndProject
Project("{FAE04EC0-301F-11D3-BF4B-00C04F79EFBC}") = "Tyuiu.DanilovAS.Sprint6.Task4.V2.Lib", "Tyuiu.DanilovAS.Sprint6.Task4.V2.Lib\Tyuiu.DanilovAS.Sprint6.Task4.V2.Lib.csproj", "{6CBF391D-7B35-453A-90B5-BFB4821463DF}"
EndProject
Project("{2150E333-8FDC-42A3-9474-1A3956D46DE8}") = "Task5", "Task5", "{9A68142A-4777-4363-9748-E6CC019F0E94}"
EndProject
Project("{FAE04EC0-301F-11D3-BF4B-00C04F79EFBC}") = "Tyuiu.DanilovAS.Sprint6.Task5.V14", "Tyuiu.DanilovAS.Sprint6.Task5.V14\Tyuiu.DanilovAS.Sprint6.Task5.V14.csproj", "{AD1C9708-202C-41B4-AF64-1C2EB8FACA34}"
EndProject
Project("{FAE04EC0-301F-11D3-BF4B-00C04F79EFBC}") = "Tyuiu.DanilovAS.Sprint6.Task5.V14.Lib", "Tyuiu.DanilovAS.Sprint6.Task5.V14.Lib\Tyuiu.DanilovAS.Sprint6.Task5.V14.Lib.csproj", "{D27D1DC8-F708-4AD0-9356-BD934229EE75}"
EndProject
Project("{FAE04EC0-301F-11D3-BF4B-00C04F79EFBC}") = "Tyuiu.DanilovAS.Sprint6.Task5.V14.Test", "Tyuiu.DanilovAS.Sprint6.Task5.V14.Test\Tyuiu.DanilovAS.Sprint6.Task5.V14.Test.csproj", "{C9EFA8C9-CE05-4CED-95C6-3F58C9A0FBD2}"
EndProject
Project("{2150E333-8FDC-42A3-9474-1A3956D46DE8}") = "Task6", "Task6", "{E7AE603C-D97B-48E6-99B2-57E4B3B2ED2F}"
EndProject
Project("{FAE04EC0-301F-11D3-BF4B-00C04F79EFBC}") = "Tyuiu.DanilovAS.Sprint6.Task6.V6", "Tyuiu.DanilovAS.Sprint6.Task6.V6\Tyuiu.DanilovAS.Sprint6.Task6.V6.csproj", "{F006DC7E-85A6-4D7C-A4A1-1A10A4D2D03F}"
EndProject
Project("{FAE04EC0-301F-11D3-BF4B-00C04F79EFBC}") = "Tyuiu.DanilovAS.Sprint6.Task6.V6.Lib", "Tyuiu.DanilovAS.Sprint6.Task6.V6.Lib\Tyuiu.DanilovAS.Sprint6.Task6.V6.Lib.csproj", "{25258ABB-27E9-4785-9BBE-9CF78974E583}"
EndProject
Project("{FAE04EC0-301F-11D3-BF4B-00C04F79EFBC}") = "Tyuiu.DanilovAS.Sprint6.Task6.V6.Test", "Tyuiu.DanilovAS.Sprint6.Task6.V6.Test\Tyuiu.DanilovAS.Sprint6.Task6.V6.Test.csproj", "{44E4ECBD-E5BD-43BF-B4B2-C17519D664C3}"
EndProject
Project("{2150E333-8FDC-42A3-9474-1A3956D46DE8}") = "Task7", "Task7", "{E87F3F94-CE3F-4BBB-87EE-83E97FD35477}"
EndProject
Project("{FAE04EC0-301F-11D3-BF4B-00C04F79EFBC}") = "Tyuiu.DanilovAS.Sprint6.Task7.V3", "Tyuiu.DanilovAS.Sprint6.Task7.V3\Tyuiu.DanilovAS.Sprint6.Task7.V3.csproj", "{51163A0A-AC48-42FB-8DFC-1FD4B3DF2B2D}"
EndProject
Project("{FAE04EC0-301F-11D3-BF4B-00C04F79EFBC}") = "Tyuiu.DanilovAS.Sprint6.Task7.V3.Lib", "Tyuiu.DanilovAS.Sprint6.Task7.V3.Lib\Tyuiu.DanilovAS.Sprint6.Task7.V3.Lib.csproj", "{315657A2-BFB4-444F-B63E-554C80F048D7}"
EndProject
Project("{FAE04EC0-301F-11D3-BF4B-00C04F79EFBC}") = "Tyuiu.DanilovAS.Sprint6.Task7.V3.Test", "Tyuiu.DanilovAS.Sprint6.Task7.V3.Test\Tyuiu.DanilovAS.Sprint6.Task7.V3.Test.csproj", "{24097DA6-53CC-402B-8524-DC65FC8F76B2}"
EndProject
Global
	GlobalSection(SolutionConfigurationPlatforms) = preSolution
		Debug|Any CPU = Debug|Any CPU
		Release|Any CPU = Release|Any CPU
	EndGlobalSection
	GlobalSection(ProjectConfigurationPlatforms) = postSolution
		{3651D39D-D507-43E2-AF0F-CAB5B3FD3555}.Debug|Any CPU.ActiveCfg = Debug|Any CPU
		{3651D39D-D507-43E2-AF0F-CAB5B3FD3555}.Debug|Any CPU.Build.0 = Debug|Any CPU
		{3651D39D-D507-43E2-AF0F-CAB5B3FD3555}.Release|Any CPU.ActiveCfg = Release|Any CPU
		{3651D39D-D507-43E2-AF0F-CAB5B3FD3555}.Release|Any CPU.Build.0 = Release|Any CPU
		{2681290C-7771-49DE-B1B1-B834B5B0AF1F}.Debug|Any CPU.ActiveCfg = Debug|Any CPU
		{2681290C-7771-49DE-B1B1-B834B5B0AF1F}.Debug|Any CPU.Build.0 = Debug|Any CPU
		{2681290C-7771-49DE-B1B1-B834B5B0AF1F}.Release|Any CPU.ActiveCfg = Release|Any CPU
		{2681290C-7771-49DE-B1B1-B834B5B0AF1F}.Release|Any CPU.Build.0 = Release|Any CPU
		{11D1C93E-7F5E-45B6-BAD6-175A7761E463}.Debug|Any CPU.ActiveCfg = Debug|Any CPU
		{11D1C93E-7F5E-45B6-BAD6-175A7761E463}.Debug|Any CPU.Build.0 = Debug|Any CPU
		{11D1C93E-7F5E-45B6-BAD6-175A7761E463}.Release|Any CPU.ActiveCfg = Release|Any CPU
		{11D1C93E-7F5E-45B6-BAD6-175A7761E463}.Release|Any CPU.Build.0 = Release|Any CPU
		{21A73483-4B0C-4065-9851-65B5B1AB7599}.Debug|Any CPU.ActiveCfg = Debug|Any CPU
		{21A73483-4B0C-4065-9851-65B5B1AB7599}.Debug|Any CPU.Build.0 = Debug|Any CPU
		{21A73483-4B0C-4065-9851-65B5B1AB7599}.Release|Any CPU.ActiveCfg = Release|Any CPU
		{21A73483-4B0C-4065-9851-65B5B1AB7599}.Release|Any CPU.Build.0 = Release|Any CPU
		{79706B59-0414-4F14-81B6-A0525277E495}.Debug|Any CPU.ActiveCfg = Debug|Any CPU
		{79706B59-0414-4F14-81B6-A0525277E495}.Debug|Any CPU.Build.0 = Debug|Any CPU
		{79706B59-0414-4F14-81B6-A0525277E495}.Release|Any CPU.ActiveCfg = Release|Any CPU
		{79706B59-0414-4F14-81B6-A0525277E495}.Release|Any CPU.Build.0 = Release|Any CPU
		{BAE01347-6B4A-4A97-A39C-8BDAE06615D3}.Debug|Any CPU.ActiveCfg = Debug|Any CPU
		{BAE01347-6B4A-4A97-A39C-8BDAE06615D3}.Debug|Any CPU.Build.0 = Debug|Any CPU
		{BAE01347-6B4A-4A97-A39C-8BDAE06615D3}.Release|Any CPU.ActiveCfg = Release|Any CPU
		{BAE01347-6B4A-4A97-A39C-8BDAE06615D3}.Release|Any CPU.Build.0 = Release|Any CPU
		{8AF1AB4C-2119-4ED8-85C2-7DC31499E6A4}.Debug|Any CPU.ActiveCfg = Debug|Any CPU
		{8AF1AB4C-2119-4ED8-85C2-7DC31499E6A4}.Debug|Any CPU.Build.0 = Debug|Any CPU
		{8AF1AB4C-2119-4ED8-85C2-7DC31499E6A4}.Release|Any CPU.ActiveCfg = Release|Any CPU
		{8AF1AB4C-2119-4ED8-85C2-7DC31499E6A4}.Release|Any CPU.Build.0 = Release|Any CPU
		{243E1B46-7BB2-4030-A5AA-C363512FA030}.Debug|Any CPU.ActiveCfg = Debug|Any CPU
		{243E1B46-7BB2-4030-A5AA-C363512FA030}.Debug|Any CPU.Build.0 = Debug|Any CPU
		{243E1B46-7BB2-4030-A5AA-C363512FA030}.Release|Any CPU.ActiveCfg = Release|Any CPU
		{243E1B46-7BB2-4030-A5AA-C363512FA030}.Release|Any CPU.Build.0 = Release|Any CPU
		{61F001CE-50F3-434C-A4CD-68113D3FDD9C}.Debug|Any CPU.ActiveCfg = Debug|Any CPU
		{61F001CE-50F3-434C-A4CD-68113D3FDD9C}.Debug|Any CPU.Build.0 = Debug|Any CPU
		{61F001CE-50F3-434C-A4CD-68113D3FDD9C}.Release|Any CPU.ActiveCfg = Release|Any CPU
		{61F001CE-50F3-434C-A4CD-68113D3FDD9C}.Release|Any CPU.Build.0 = Release|Any CPU
		{B095EB1B-1135-4E6A-9E65-2A685EB1C733}.Debug|Any CPU.ActiveCfg = Debug|Any CPU
		{B095EB1B-1135-4E6A-9E65-2A685EB1C733}.Debug|Any CPU.Build.0 = Debug|Any CPU
		{B095EB1B-1135-4E6A-9E65-2A685EB1C733}.Release|Any CPU.ActiveCfg = Release|Any CPU
		{B095EB1B-1135-4E6A-9E65-2A685EB1C733}.Release|Any CPU.Build.0 = Release|Any CPU
		{1AFF19EB-F464-4B84-9347-8EEE46B9FD7C}.Debug|Any CPU.ActiveCfg = Debug|Any CPU
		{1AFF19EB-F464-4B84-9347-8EEE46B9FD7C}.Debug|Any CPU.Build.0 = Debug|Any CPU
		{1AFF19EB-F464-4B84-9347-8EEE46B9FD7C}.Release|Any CPU.ActiveCfg = Release|Any CPU
		{1AFF19EB-F464-4B84-9347-8EEE46B9FD7C}.Release|Any CPU.Build.0 = Release|Any CPU
		{FB8C9C94-9E58-4053-B547-A6F632F3A5F3}.Debug|Any CPU.ActiveCfg = Debug|Any CPU
		{FB8C9C94-9E58-4053-B547-A6F632F3A5F3}.Debug|Any CPU.Build.0 = Debug|Any CPU
		{FB8C9C94-9E58-4053-B547-A6F632F3A5F3}.Release|Any CPU.ActiveCfg = Release|Any CPU
		{FB8C9C94-9E58-4053-B547-A6F632F3A5F3}.Release|Any CPU.Build.0 = Release|Any CPU
		{F8948A8B-AB33-454E-8A8C-56DDE9BE3CF4}.Debug|Any CPU.ActiveCfg = Debug|Any CPU
		{F8948A8B-AB33-454E-8A8C-56DDE9BE3CF4}.Debug|Any CPU.Build.0 = Debug|Any CPU
		{F8948A8B-AB33-454E-8A8C-56DDE9BE3CF4}.Release|Any CPU.ActiveCfg = Release|Any CPU
		{F8948A8B-AB33-454E-8A8C-56DDE9BE3CF4}.Release|Any CPU.Build.0 = Release|Any CPU
		{56B87F8E-11FF-41E3-ABB3-3FFDE2CB9AD3}.Debug|Any CPU.ActiveCfg = Debug|Any CPU
		{56B87F8E-11FF-41E3-ABB3-3FFDE2CB9AD3}.Debug|Any CPU.Build.0 = Debug|Any CPU
		{56B87F8E-11FF-41E3-ABB3-3FFDE2CB9AD3}.Release|Any CPU.ActiveCfg = Release|Any CPU
		{56B87F8E-11FF-41E3-ABB3-3FFDE2CB9AD3}.Release|Any CPU.Build.0 = Release|Any CPU
		{6CBF391D-7B35-453A-90B5-BFB4821463DF}.Debug|Any CPU.ActiveCfg = Debug|Any CPU
		{6CBF391D-7B35-453A-90B5-BFB4821463DF}.Debug|Any CPU.Build.0 = Debug|Any CPU
		{6CBF391D-7B35-453A-90B5-BFB4821463DF}.Release|Any CPU.ActiveCfg = Release|Any CPU
		{6CBF391D-7B35-453A-90B5-BFB4821463DF}.Release|Any CPU.Build.0 = Release|Any CPU
		{AD1C9708-202C-41B4-AF64-1C2EB8FACA34}.Debug|Any CPU.ActiveCfg = Debug|Any CPU
		{AD1C9708-202C-41B4-AF64-1C2EB8FACA34}.Debug|Any CPU.Build.0 = Debug|Any CPU
		{AD1C9708-202C-41B4-AF64-1C2EB8FACA34}.Release|Any CPU.ActiveCfg = Release|Any CPU
		{AD1C9708-202C-41B4-AF64-1C2EB8FACA34}.Release|Any CPU.Build.0 = Release|Any CPU
		{D27D1DC8-F708-4AD0-9356-BD934229EE75}.Debug|Any CPU.ActiveCfg = Debug|Any CPU
		{D27D1DC8-F708-4AD0-9356-BD934229EE75}.Debug|Any CPU.Build.0 = Debug|Any CPU
		{D27D1DC8-F708-4AD0-9356-BD934229EE75}.Release|Any CPU.ActiveCfg = Release|Any CPU
		{D27D1DC8-F708-4AD0-9356-BD934229EE75}.Release|Any CPU.Build.0 = Release|Any CPU
		{C9EFA8C9-CE05-4CED-95C6-3F58C9A0FBD2}.Debug|Any CPU.ActiveCfg = Debug|Any CPU
		{C9EFA8C9-CE05-4CED-95C6-3F58C9A0FBD2}.Debug|Any CPU.Build.0 = Debug|Any CPU
		{C9EFA8C9-CE05-4CED-95C6-3F58C9A0FBD2}.Release|Any CPU.ActiveCfg = Release|Any CPU
		{C9EFA8C9-CE05-4CED-95C6-3F58C9A0FBD2}.Release|Any CPU.Build.0 = Release|Any CPU
		{F006DC7E-85A6-4D7C-A4A1-1A10A4D2D03F}.Debug|Any CPU.ActiveCfg = Debug|Any CPU
		{F006DC7E-85A6-4D7C-A4A1-1A10A4D2D03F}.Debug|Any CPU.Build.0 = Debug|Any CPU
		{F006DC7E-85A6-4D7C-A4A1-1A10A4D2D03F}.Release|Any CPU.ActiveCfg = Release|Any CPU
		{F006DC7E-85A6-4D7C-A4A1-1A10A4D2D03F}.Release|Any CPU.Build.0 = Release|Any CPU
		{25258ABB-27E9-4785-9BBE-9CF78974E583}.Debug|Any CPU.ActiveCfg = Debug|Any CPU
		{25258ABB-27E9-4785-9BBE-9CF78974E583}.Debug|Any CPU.Build.0 = Debug|Any CPU
		{25258ABB-27E9-4785-9BBE-9CF78974E583}.Release|Any CPU.ActiveCfg = Release|Any CPU
		{25258ABB-27E9-4785-9BBE-9CF78974E583}.Release|Any CPU.Build.0 = Release|Any CPU
		{44E4ECBD-E5BD-43BF-B4B2-C17519D664C3}.Debug|Any CPU.ActiveCfg = Debug|Any CPU
		{44E4ECBD-E5BD-43BF-B4B2-C17519D664C3}.Debug|Any CPU.Build.0 = Debug|Any CPU
		{44E4ECBD-E5BD-43BF-B4B2-C17519D664C3}.Release|Any CPU.ActiveCfg = Release|Any CPU
		{44E4ECBD-E5BD-43BF-B4B2-C17519D664C3}.Release|Any CPU.Build.0 = Release|Any CPU
		{51163A0A-AC48-42FB-8DFC-1FD4B3DF2B2D}.Debug|Any CPU.ActiveCfg = Debug|Any CPU
		{51163A0A-AC48-42FB-8DFC-1FD4B3DF2B2D}.Debug|Any CPU.Build.0 = Debug|Any CPU
		{51163A0A-AC48-42FB-8DFC-1FD4B3DF2B2D}.Release|Any CPU.ActiveCfg = Release|Any CPU
		{51163A0A-AC48-42FB-8DFC-1FD4B3DF2B2D}.Release|Any CPU.Build.0 = Release|Any CPU
		{315657A2-BFB4-444F-B63E-554C80F048D7}.Debug|Any CPU.ActiveCfg = Debug|Any CPU
		{315657A2-BFB4-444F-B63E-554C80F048D7}.Debug|Any CPU.Build.0 = Debug|Any CPU
		{315657A2-BFB4-444F-B63E-554C80F048D7}.Release|Any CPU.ActiveCfg = Release|Any CPU
		{315657A2-BFB4-444F-B63E-554C80F048D7}.Release|Any CPU.Build.0 = Release|Any CPU
		{24097DA6-53CC-402B-8524-DC65FC8F76B2}.Debug|Any CPU.ActiveCfg = Debug|Any CPU
		{24097DA6-53CC-402B-8524-DC65FC8F76B2}.Debug|Any CPU.Build.0 = Debug|Any CPU
		{24097DA6-53CC-402B-8524-DC65FC8F76B2}.Release|Any CPU.ActiveCfg = Release|Any CPU
		{24097DA6-53CC-402B-8524-DC65FC8F76B2}.Release|Any CPU.Build.0 = Release|Any CPU
	EndGlobalSection
	GlobalSection(SolutionProperties) = preSolution
		HideSolutionNode = FALSE
	EndGlobalSection
	GlobalSection(NestedProjects) = preSolution
		{3651D39D-D507-43E2-AF0F-CAB5B3FD3555} = {02EA681E-C7D8-13C7-8484-4AC65E1B71E8}
		{2681290C-7771-49DE-B1B1-B834B5B0AF1F} = {02EA681E-C7D8-13C7-8484-4AC65E1B71E8}
		{11D1C93E-7F5E-45B6-BAD6-175A7761E463} = {02EA681E-C7D8-13C7-8484-4AC65E1B71E8}
		{21A73483-4B0C-4065-9851-65B5B1AB7599} = {0354392A-13A0-4395-8F8B-93DF957446A0}
		{79706B59-0414-4F14-81B6-A0525277E495} = {0354392A-13A0-4395-8F8B-93DF957446A0}
		{BAE01347-6B4A-4A97-A39C-8BDAE06615D3} = {0354392A-13A0-4395-8F8B-93DF957446A0}
		{8AF1AB4C-2119-4ED8-85C2-7DC31499E6A4} = {48490735-7989-406B-B1A2-6542D514E087}
		{243E1B46-7BB2-4030-A5AA-C363512FA030} = {48490735-7989-406B-B1A2-6542D514E087}
		{61F001CE-50F3-434C-A4CD-68113D3FDD9C} = {48490735-7989-406B-B1A2-6542D514E087}
		{B095EB1B-1135-4E6A-9E65-2A685EB1C733} = {C8DE7790-D0D4-404F-AB91-25178B1FC60F}
		{1AFF19EB-F464-4B84-9347-8EEE46B9FD7C} = {C8DE7790-D0D4-404F-AB91-25178B1FC60F}
		{FB8C9C94-9E58-4053-B547-A6F632F3A5F3} = {C8DE7790-D0D4-404F-AB91-25178B1FC60F}
		{F8948A8B-AB33-454E-8A8C-56DDE9BE3CF4} = {797801F5-80DB-4FC4-9972-E36ED725E1F0}
		{56B87F8E-11FF-41E3-ABB3-3FFDE2CB9AD3} = {797801F5-80DB-4FC4-9972-E36ED725E1F0}
		{6CBF391D-7B35-453A-90B5-BFB4821463DF} = {797801F5-80DB-4FC4-9972-E36ED725E1F0}
		{AD1C9708-202C-41B4-AF64-1C2EB8FACA34} = {9A68142A-4777-4363-9748-E6CC019F0E94}
		{D27D1DC8-F708-4AD0-9356-BD934229EE75} = {9A68142A-4777-4363-9748-E6CC019F0E94}
		{C9EFA8C9-CE05-4CED-95C6-3F58C9A0FBD2} = {9A68142A-4777-4363-9748-E6CC019F0E94}
		{F006DC7E-85A6-4D7C-A4A1-1A10A4D2D03F} = {E7AE603C-D97B-48E6-99B2-57E4B3B2ED2F}
		{25258ABB-27E9-4785-9BBE-9CF78974E583} = {E7AE603C-D97B-48E6-99B2-57E4B3B2ED2F}
		{44E4ECBD-E5BD-43BF-B4B2-C17519D664C3} = {E7AE603C-D97B-48E6-99B2-57E4B3B2ED2F}
		{51163A0A-AC48-42FB-8DFC-1FD4B3DF2B2D} = {E87F3F94-CE3F-4BBB-87EE-83E97FD35477}
		{315657A2-BFB4-444F-B63E-554C80F048D7} = {E87F3F94-CE3F-4BBB-87EE-83E97FD35477}
		{24097DA6-53CC-402B-8524-DC65FC8F76B2} = {E87F3F94-CE3F-4BBB-87EE-83E97FD35477}
	EndGlobalSection
	GlobalSection(ExtensibilityGlobals) = postSolution
		SolutionGuid = {2A159988-1A7B-4740-8DE3-94DDAE6D8BF7}
	EndGlobalSection
EndGlobal
